// !$*UTF8*$!
{
	archiveVersion = 1;
	classes = {
	};
	objectVersion = 46;
	objects = {

/* Begin PBXBuildFile section */
		C51E6FE11C5F2B7F00876CFA /* PBAPersistenceControllerTests.m in Sources */ = {isa = PBXBuildFile; fileRef = C51E6FE01C5F2B7F00876CFA /* PBAPersistenceControllerTests.m */; };
		C51E6FE41C60850D00876CFA /* NSManagedObject+Helpers.m in Sources */ = {isa = PBXBuildFile; fileRef = C51E6FE31C60850D00876CFA /* NSManagedObject+Helpers.m */; };
		C529A7D81C6312D200728710 /* NSString+Utilities.m in Sources */ = {isa = PBXBuildFile; fileRef = C529A7D71C6312D200728710 /* NSString+Utilities.m */; };
		C52F538C1C6C371200830DF9 /* Localizable.strings in Resources */ = {isa = PBXBuildFile; fileRef = C52F538A1C6C371200830DF9 /* Localizable.strings */; };
		C56E85E61C9A274B00A7203E /* UIColor+PBAColor.m in Sources */ = {isa = PBXBuildFile; fileRef = C56E85E51C9A274B00A7203E /* UIColor+PBAColor.m */; };
		C57ADE1A18A27A5B00D4DCF6 /* Foundation.framework in Frameworks */ = {isa = PBXBuildFile; fileRef = C57ADE1918A27A5B00D4DCF6 /* Foundation.framework */; };
		C57ADE1E18A27A5B00D4DCF6 /* UIKit.framework in Frameworks */ = {isa = PBXBuildFile; fileRef = C57ADE1D18A27A5B00D4DCF6 /* UIKit.framework */; };
		C57ADE2418A27A5B00D4DCF6 /* InfoPlist.strings in Resources */ = {isa = PBXBuildFile; fileRef = C57ADE2218A27A5B00D4DCF6 /* InfoPlist.strings */; };
		C57ADE2618A27A5B00D4DCF6 /* main.m in Sources */ = {isa = PBXBuildFile; fileRef = C57ADE2518A27A5B00D4DCF6 /* main.m */; };
		C57ADE2A18A27A5B00D4DCF6 /* PBAAppDelegate.m in Sources */ = {isa = PBXBuildFile; fileRef = C57ADE2918A27A5B00D4DCF6 /* PBAAppDelegate.m */; };
		C57ADE2C18A27A5B00D4DCF6 /* Images.xcassets in Resources */ = {isa = PBXBuildFile; fileRef = C57ADE2B18A27A5B00D4DCF6 /* Images.xcassets */; };
		C57ADE3318A27A5B00D4DCF6 /* XCTest.framework in Frameworks */ = {isa = PBXBuildFile; fileRef = C57ADE3218A27A5B00D4DCF6 /* XCTest.framework */; };
		C57ADE3418A27A5B00D4DCF6 /* Foundation.framework in Frameworks */ = {isa = PBXBuildFile; fileRef = C57ADE1918A27A5B00D4DCF6 /* Foundation.framework */; };
		C57ADE3518A27A5B00D4DCF6 /* UIKit.framework in Frameworks */ = {isa = PBXBuildFile; fileRef = C57ADE1D18A27A5B00D4DCF6 /* UIKit.framework */; };
		C57ADE3D18A27A5B00D4DCF6 /* InfoPlist.strings in Resources */ = {isa = PBXBuildFile; fileRef = C57ADE3B18A27A5B00D4DCF6 /* InfoPlist.strings */; };
		C57ADE4B18A27A6900D4DCF6 /* PBAMapViewController.m in Sources */ = {isa = PBXBuildFile; fileRef = C57ADE4918A27A6900D4DCF6 /* PBAMapViewController.m */; };
		C57ADE4C18A27A6900D4DCF6 /* PBAMapViewController.xib in Resources */ = {isa = PBXBuildFile; fileRef = C57ADE4A18A27A6900D4DCF6 /* PBAMapViewController.xib */; };
		C57ADE5318A27DA900D4DCF6 /* PBALocation.m in Sources */ = {isa = PBXBuildFile; fileRef = C57ADE5218A27DA900D4DCF6 /* PBALocation.m */; };
		C57ADE5818A2810900D4DCF6 /* MBProgressHUD.m in Sources */ = {isa = PBXBuildFile; fileRef = C57ADE5718A2810900D4DCF6 /* MBProgressHUD.m */; };
		C59167241C5DA92D0082350B /* Launch Screen.storyboard in Resources */ = {isa = PBXBuildFile; fileRef = C59167231C5DA92D0082350B /* Launch Screen.storyboard */; };
		C59167281C5DD2150082350B /* PBAListViewController.m in Sources */ = {isa = PBXBuildFile; fileRef = C59167261C5DD2150082350B /* PBAListViewController.m */; };
		C59167291C5DD2150082350B /* PBAListViewController.xib in Resources */ = {isa = PBXBuildFile; fileRef = C59167271C5DD2150082350B /* PBAListViewController.xib */; };
		C59CB9991C560321005C9195 /* Default-568h@2x.png in Resources */ = {isa = PBXBuildFile; fileRef = C59CB9981C560321005C9195 /* Default-568h@2x.png */; };
		C59CB9B51C587110005C9195 /* UIButton+PBAButton.m in Sources */ = {isa = PBXBuildFile; fileRef = C59CB9B41C587110005C9195 /* UIButton+PBAButton.m */; };
		C59CB9C01C5893C8005C9195 /* Quake+CoreDataProperties.m in Sources */ = {isa = PBXBuildFile; fileRef = C59CB9BD1C5893C8005C9195 /* Quake+CoreDataProperties.m */; };
		C59CB9C11C5893C8005C9195 /* Quake.m in Sources */ = {isa = PBXBuildFile; fileRef = C59CB9BF1C5893C8005C9195 /* Quake.m */; };
		C59CB9C71C58B561005C9195 /* PBAWebService.m in Sources */ = {isa = PBXBuildFile; fileRef = C59CB9C61C58B561005C9195 /* PBAWebService.m */; };
		C5B8771B18A83EE6001CBC8E /* PBAPlotViewController.xib in Resources */ = {isa = PBXBuildFile; fileRef = C5B8771918A83EE6001CBC8E /* PBAPlotViewController.xib */; };
		C5FB83FC1C6AF4F700F298F7 /* PBAListTableViewCell.xib in Resources */ = {isa = PBXBuildFile; fileRef = C5FB83FB1C6AF4F700F298F7 /* PBAListTableViewCell.xib */; };
		C5FB83FF1C6AF51100F298F7 /* PBAListTableViewCell.m in Sources */ = {isa = PBXBuildFile; fileRef = C5FB83FE1C6AF51100F298F7 /* PBAListTableViewCell.m */; };
		C5FDB7391C5A098E00B2922A /* CacheTime+CoreDataProperties.m in Sources */ = {isa = PBXBuildFile; fileRef = C5FDB7361C5A098E00B2922A /* CacheTime+CoreDataProperties.m */; };
		C5FDB73A1C5A098E00B2922A /* CacheTime.m in Sources */ = {isa = PBXBuildFile; fileRef = C5FDB7381C5A098E00B2922A /* CacheTime.m */; };
		C5FDB73D1C5A170800B2922A /* NSDate+Utilities.m in Sources */ = {isa = PBXBuildFile; fileRef = C5FDB73C1C5A170800B2922A /* NSDate+Utilities.m */; };
		C5FDB7401C5B1EBA00B2922A /* PBADataSource.m in Sources */ = {isa = PBXBuildFile; fileRef = C5FDB73F1C5B1EBA00B2922A /* PBADataSource.m */; };
		C5FDB7431C5C60B800B2922A /* PBAPersistenceController.m in Sources */ = {isa = PBXBuildFile; fileRef = C5FDB7421C5C60B800B2922A /* PBAPersistenceController.m */; };
		C5FDB7461C5C6C0300B2922A /* DataModel.xcdatamodeld in Sources */ = {isa = PBXBuildFile; fileRef = C5FDB7441C5C6C0300B2922A /* DataModel.xcdatamodeld */; };
/* End PBXBuildFile section */

/* Begin PBXContainerItemProxy section */
		C57ADE3618A27A5B00D4DCF6 /* PBXContainerItemProxy */ = {
			isa = PBXContainerItemProxy;
			containerPortal = C57ADE0E18A27A5B00D4DCF6 /* Project object */;
			proxyType = 1;
			remoteGlobalIDString = C57ADE1518A27A5B00D4DCF6;
			remoteInfo = Earthquakes;
		};
/* End PBXContainerItemProxy section */

/* Begin PBXFileReference section */
		C51E6FE01C5F2B7F00876CFA /* PBAPersistenceControllerTests.m */ = {isa = PBXFileReference; fileEncoding = 4; lastKnownFileType = sourcecode.c.objc; path = PBAPersistenceControllerTests.m; sourceTree = "<group>"; };
		C51E6FE21C60850D00876CFA /* NSManagedObject+Helpers.h */ = {isa = PBXFileReference; fileEncoding = 4; lastKnownFileType = sourcecode.c.h; path = "NSManagedObject+Helpers.h"; sourceTree = "<group>"; };
		C51E6FE31C60850D00876CFA /* NSManagedObject+Helpers.m */ = {isa = PBXFileReference; fileEncoding = 4; lastKnownFileType = sourcecode.c.objc; path = "NSManagedObject+Helpers.m"; sourceTree = "<group>"; };
		C529A7D61C6312D200728710 /* NSString+Utilities.h */ = {isa = PBXFileReference; fileEncoding = 4; lastKnownFileType = sourcecode.c.h; path = "NSString+Utilities.h"; sourceTree = "<group>"; };
		C529A7D71C6312D200728710 /* NSString+Utilities.m */ = {isa = PBXFileReference; fileEncoding = 4; lastKnownFileType = sourcecode.c.objc; path = "NSString+Utilities.m"; sourceTree = "<group>"; };
		C52F538B1C6C371200830DF9 /* en */ = {isa = PBXFileReference; lastKnownFileType = text.plist.strings; name = en; path = en.lproj/Localizable.strings; sourceTree = "<group>"; };
		C52F538D1C6C376400830DF9 /* ja */ = {isa = PBXFileReference; lastKnownFileType = text.plist.strings; name = ja; path = ja.lproj/Localizable.strings; sourceTree = "<group>"; };
		C52F538E1C6C37C500830DF9 /* es */ = {isa = PBXFileReference; lastKnownFileType = text.plist.strings; name = es; path = es.lproj/Localizable.strings; sourceTree = "<group>"; };
		C52F538F1C6C382E00830DF9 /* zh-Hans */ = {isa = PBXFileReference; lastKnownFileType = text.plist.strings; name = "zh-Hans"; path = "zh-Hans.lproj/Localizable.strings"; sourceTree = "<group>"; };
		C52F53901C6C384800830DF9 /* zh-Hant */ = {isa = PBXFileReference; lastKnownFileType = text.plist.strings; name = "zh-Hant"; path = "zh-Hant.lproj/Localizable.strings"; sourceTree = "<group>"; };
		C52F53911C6C388200830DF9 /* pt-BR */ = {isa = PBXFileReference; lastKnownFileType = text.plist.strings; name = "pt-BR"; path = "pt-BR.lproj/Localizable.strings"; sourceTree = "<group>"; };
		C52F53921C6C38A000830DF9 /* ar */ = {isa = PBXFileReference; lastKnownFileType = text.plist.strings; name = ar; path = ar.lproj/Localizable.strings; sourceTree = "<group>"; };
		C52F53931C6C38BB00830DF9 /* fr */ = {isa = PBXFileReference; lastKnownFileType = text.plist.strings; name = fr; path = fr.lproj/Localizable.strings; sourceTree = "<group>"; };
		C52F53941C6C38E500830DF9 /* de */ = {isa = PBXFileReference; lastKnownFileType = text.plist.strings; name = de; path = de.lproj/Localizable.strings; sourceTree = "<group>"; };
		C52F53951C6C391C00830DF9 /* nl */ = {isa = PBXFileReference; lastKnownFileType = text.plist.strings; name = nl; path = nl.lproj/Localizable.strings; sourceTree = "<group>"; };
		C52F53961C6C394100830DF9 /* ko */ = {isa = PBXFileReference; lastKnownFileType = text.plist.strings; name = ko; path = ko.lproj/Localizable.strings; sourceTree = "<group>"; };
		C52F53971C6C397600830DF9 /* it */ = {isa = PBXFileReference; lastKnownFileType = text.plist.strings; name = it; path = it.lproj/Localizable.strings; sourceTree = "<group>"; };
		C52F53981C6C39D300830DF9 /* el */ = {isa = PBXFileReference; lastKnownFileType = text.plist.strings; name = el; path = el.lproj/Localizable.strings; sourceTree = "<group>"; };
		C52F53991C6C3A3F00830DF9 /* he */ = {isa = PBXFileReference; lastKnownFileType = text.plist.strings; name = he; path = he.lproj/Localizable.strings; sourceTree = "<group>"; };
		C52F539A1C6C3A6C00830DF9 /* da */ = {isa = PBXFileReference; lastKnownFileType = text.plist.strings; name = da; path = da.lproj/Localizable.strings; sourceTree = "<group>"; };
		C52F539B1C6C3A8F00830DF9 /* nb */ = {isa = PBXFileReference; lastKnownFileType = text.plist.strings; name = nb; path = nb.lproj/Localizable.strings; sourceTree = "<group>"; };
		C52F539C1C6C3A9800830DF9 /* sv */ = {isa = PBXFileReference; lastKnownFileType = text.plist.strings; name = sv; path = sv.lproj/Localizable.strings; sourceTree = "<group>"; };
		C52F539D1C6C3AA000830DF9 /* fi */ = {isa = PBXFileReference; lastKnownFileType = text.plist.strings; name = fi; path = fi.lproj/Localizable.strings; sourceTree = "<group>"; };
		C52F539E1C6C3AAB00830DF9 /* ru */ = {isa = PBXFileReference; lastKnownFileType = text.plist.strings; name = ru; path = ru.lproj/Localizable.strings; sourceTree = "<group>"; };
		C52F539F1C6C3BBD00830DF9 /* ms */ = {isa = PBXFileReference; lastKnownFileType = text.plist.strings; name = ms; path = ms.lproj/Localizable.strings; sourceTree = "<group>"; };
		C52F53A01C6C3BF800830DF9 /* ta-SG */ = {isa = PBXFileReference; lastKnownFileType = text.plist.strings; name = "ta-SG"; path = "ta-SG.lproj/Localizable.strings"; sourceTree = "<group>"; };
		C52F53A11C6C3C3600830DF9 /* hi */ = {isa = PBXFileReference; lastKnownFileType = text.plist.strings; name = hi; path = hi.lproj/Localizable.strings; sourceTree = "<group>"; };
		C52F53A21C6C3C5600830DF9 /* fa */ = {isa = PBXFileReference; lastKnownFileType = text.plist.strings; name = fa; path = fa.lproj/Localizable.strings; sourceTree = "<group>"; };
		C52F53A31C6C3C9300830DF9 /* fa-IR */ = {isa = PBXFileReference; lastKnownFileType = text.plist.strings; name = "fa-IR"; path = "fa-IR.lproj/Localizable.strings"; sourceTree = "<group>"; };
		C52F53A41C6C3CB600830DF9 /* es-MX */ = {isa = PBXFileReference; lastKnownFileType = text.plist.strings; name = "es-MX"; path = "es-MX.lproj/Localizable.strings"; sourceTree = "<group>"; };
		C52F53A51C6C3D0C00830DF9 /* vi */ = {isa = PBXFileReference; lastKnownFileType = text.plist.strings; name = vi; path = vi.lproj/Localizable.strings; sourceTree = "<group>"; };
		C52F53A61C6C3D3100830DF9 /* tr */ = {isa = PBXFileReference; lastKnownFileType = text.plist.strings; name = tr; path = tr.lproj/Localizable.strings; sourceTree = "<group>"; };
		C52F53A71C6C3D3900830DF9 /* pl */ = {isa = PBXFileReference; lastKnownFileType = text.plist.strings; name = pl; path = pl.lproj/Localizable.strings; sourceTree = "<group>"; };
		C52F53A81C6C3D4400830DF9 /* ca */ = {isa = PBXFileReference; lastKnownFileType = text.plist.strings; name = ca; path = ca.lproj/Localizable.strings; sourceTree = "<group>"; };
		C56E85E41C9A274B00A7203E /* UIColor+PBAColor.h */ = {isa = PBXFileReference; fileEncoding = 4; lastKnownFileType = sourcecode.c.h; path = "UIColor+PBAColor.h"; sourceTree = "<group>"; };
		C56E85E51C9A274B00A7203E /* UIColor+PBAColor.m */ = {isa = PBXFileReference; fileEncoding = 4; lastKnownFileType = sourcecode.c.objc; path = "UIColor+PBAColor.m"; sourceTree = "<group>"; };
		C57ADE1618A27A5B00D4DCF6 /* Earthquakes.app */ = {isa = PBXFileReference; explicitFileType = wrapper.application; includeInIndex = 0; path = Earthquakes.app; sourceTree = BUILT_PRODUCTS_DIR; };
		C57ADE1918A27A5B00D4DCF6 /* Foundation.framework */ = {isa = PBXFileReference; lastKnownFileType = wrapper.framework; name = Foundation.framework; path = System/Library/Frameworks/Foundation.framework; sourceTree = SDKROOT; };
		C57ADE1B18A27A5B00D4DCF6 /* CoreGraphics.framework */ = {isa = PBXFileReference; lastKnownFileType = wrapper.framework; name = CoreGraphics.framework; path = System/Library/Frameworks/CoreGraphics.framework; sourceTree = SDKROOT; };
		C57ADE1D18A27A5B00D4DCF6 /* UIKit.framework */ = {isa = PBXFileReference; lastKnownFileType = wrapper.framework; name = UIKit.framework; path = System/Library/Frameworks/UIKit.framework; sourceTree = SDKROOT; };
		C57ADE2118A27A5B00D4DCF6 /* Earthquakes-Info.plist */ = {isa = PBXFileReference; lastKnownFileType = text.plist.xml; path = "Earthquakes-Info.plist"; sourceTree = "<group>"; };
		C57ADE2318A27A5B00D4DCF6 /* en */ = {isa = PBXFileReference; lastKnownFileType = text.plist.strings; name = en; path = en.lproj/InfoPlist.strings; sourceTree = "<group>"; };
		C57ADE2518A27A5B00D4DCF6 /* main.m */ = {isa = PBXFileReference; lastKnownFileType = sourcecode.c.objc; path = main.m; sourceTree = "<group>"; };
		C57ADE2718A27A5B00D4DCF6 /* Earthquakes-Prefix.pch */ = {isa = PBXFileReference; lastKnownFileType = sourcecode.c.h; path = "Earthquakes-Prefix.pch"; sourceTree = "<group>"; };
		C57ADE2818A27A5B00D4DCF6 /* PBAAppDelegate.h */ = {isa = PBXFileReference; lastKnownFileType = sourcecode.c.h; path = PBAAppDelegate.h; sourceTree = "<group>"; };
		C57ADE2918A27A5B00D4DCF6 /* PBAAppDelegate.m */ = {isa = PBXFileReference; lastKnownFileType = sourcecode.c.objc; path = PBAAppDelegate.m; sourceTree = "<group>"; };
		C57ADE2B18A27A5B00D4DCF6 /* Images.xcassets */ = {isa = PBXFileReference; lastKnownFileType = folder.assetcatalog; path = Images.xcassets; sourceTree = "<group>"; };
		C57ADE3118A27A5B00D4DCF6 /* EarthquakesTests.xctest */ = {isa = PBXFileReference; explicitFileType = wrapper.cfbundle; includeInIndex = 0; path = EarthquakesTests.xctest; sourceTree = BUILT_PRODUCTS_DIR; };
		C57ADE3218A27A5B00D4DCF6 /* XCTest.framework */ = {isa = PBXFileReference; lastKnownFileType = wrapper.framework; name = XCTest.framework; path = Library/Frameworks/XCTest.framework; sourceTree = DEVELOPER_DIR; };
		C57ADE3A18A27A5B00D4DCF6 /* EarthquakesTests-Info.plist */ = {isa = PBXFileReference; lastKnownFileType = text.plist.xml; path = "EarthquakesTests-Info.plist"; sourceTree = "<group>"; };
		C57ADE3C18A27A5B00D4DCF6 /* en */ = {isa = PBXFileReference; lastKnownFileType = text.plist.strings; name = en; path = en.lproj/InfoPlist.strings; sourceTree = "<group>"; };
		C57ADE4818A27A6900D4DCF6 /* PBAMapViewController.h */ = {isa = PBXFileReference; fileEncoding = 4; lastKnownFileType = sourcecode.c.h; path = PBAMapViewController.h; sourceTree = "<group>"; };
		C57ADE4918A27A6900D4DCF6 /* PBAMapViewController.m */ = {isa = PBXFileReference; fileEncoding = 4; lastKnownFileType = sourcecode.c.objc; path = PBAMapViewController.m; sourceTree = "<group>"; };
		C57ADE4A18A27A6900D4DCF6 /* PBAMapViewController.xib */ = {isa = PBXFileReference; fileEncoding = 4; lastKnownFileType = file.xib; path = PBAMapViewController.xib; sourceTree = "<group>"; };
		C57ADE4D18A27AD100D4DCF6 /* MapKit.framework */ = {isa = PBXFileReference; lastKnownFileType = wrapper.framework; name = MapKit.framework; path = System/Library/Frameworks/MapKit.framework; sourceTree = SDKROOT; };
		C57ADE4F18A27CE700D4DCF6 /* CoreLocation.framework */ = {isa = PBXFileReference; lastKnownFileType = wrapper.framework; name = CoreLocation.framework; path = System/Library/Frameworks/CoreLocation.framework; sourceTree = SDKROOT; };
		C57ADE5118A27DA900D4DCF6 /* PBALocation.h */ = {isa = PBXFileReference; fileEncoding = 4; lastKnownFileType = sourcecode.c.h; path = PBALocation.h; sourceTree = "<group>"; };
		C57ADE5218A27DA900D4DCF6 /* PBALocation.m */ = {isa = PBXFileReference; fileEncoding = 4; lastKnownFileType = sourcecode.c.objc; path = PBALocation.m; sourceTree = "<group>"; };
		C57ADE5618A2810900D4DCF6 /* MBProgressHUD.h */ = {isa = PBXFileReference; fileEncoding = 4; lastKnownFileType = sourcecode.c.h; path = MBProgressHUD.h; sourceTree = "<group>"; };
		C57ADE5718A2810900D4DCF6 /* MBProgressHUD.m */ = {isa = PBXFileReference; fileEncoding = 4; lastKnownFileType = sourcecode.c.objc; path = MBProgressHUD.m; sourceTree = "<group>"; };
		C59167231C5DA92D0082350B /* Launch Screen.storyboard */ = {isa = PBXFileReference; fileEncoding = 4; lastKnownFileType = file.storyboard; path = "Launch Screen.storyboard"; sourceTree = "<group>"; };
		C59167251C5DD2150082350B /* PBAListViewController.h */ = {isa = PBXFileReference; fileEncoding = 4; lastKnownFileType = sourcecode.c.h; path = PBAListViewController.h; sourceTree = "<group>"; };
		C59167261C5DD2150082350B /* PBAListViewController.m */ = {isa = PBXFileReference; fileEncoding = 4; lastKnownFileType = sourcecode.c.objc; path = PBAListViewController.m; sourceTree = "<group>"; };
		C59167271C5DD2150082350B /* PBAListViewController.xib */ = {isa = PBXFileReference; fileEncoding = 4; lastKnownFileType = file.xib; path = PBAListViewController.xib; sourceTree = "<group>"; };
		C59CB9981C560321005C9195 /* Default-568h@2x.png */ = {isa = PBXFileReference; lastKnownFileType = image.png; path = "Default-568h@2x.png"; sourceTree = "<group>"; };
		C59CB9B31C587110005C9195 /* UIButton+PBAButton.h */ = {isa = PBXFileReference; fileEncoding = 4; lastKnownFileType = sourcecode.c.h; path = "UIButton+PBAButton.h"; sourceTree = "<group>"; };
		C59CB9B41C587110005C9195 /* UIButton+PBAButton.m */ = {isa = PBXFileReference; fileEncoding = 4; lastKnownFileType = sourcecode.c.objc; path = "UIButton+PBAButton.m"; sourceTree = "<group>"; };
		C59CB9BC1C5893C8005C9195 /* Quake+CoreDataProperties.h */ = {isa = PBXFileReference; fileEncoding = 4; lastKnownFileType = sourcecode.c.h; path = "Quake+CoreDataProperties.h"; sourceTree = "<group>"; };
		C59CB9BD1C5893C8005C9195 /* Quake+CoreDataProperties.m */ = {isa = PBXFileReference; fileEncoding = 4; lastKnownFileType = sourcecode.c.objc; path = "Quake+CoreDataProperties.m"; sourceTree = "<group>"; };
		C59CB9BE1C5893C8005C9195 /* Quake.h */ = {isa = PBXFileReference; fileEncoding = 4; lastKnownFileType = sourcecode.c.h; path = Quake.h; sourceTree = "<group>"; };
		C59CB9BF1C5893C8005C9195 /* Quake.m */ = {isa = PBXFileReference; fileEncoding = 4; lastKnownFileType = sourcecode.c.objc; path = Quake.m; sourceTree = "<group>"; };
		C59CB9C51C58B561005C9195 /* PBAWebService.h */ = {isa = PBXFileReference; fileEncoding = 4; lastKnownFileType = sourcecode.c.h; path = PBAWebService.h; sourceTree = "<group>"; };
		C59CB9C61C58B561005C9195 /* PBAWebService.m */ = {isa = PBXFileReference; fileEncoding = 4; lastKnownFileType = sourcecode.c.objc; path = PBAWebService.m; sourceTree = "<group>"; };
		C5B8771918A83EE6001CBC8E /* PBAPlotViewController.xib */ = {isa = PBXFileReference; fileEncoding = 4; lastKnownFileType = file.xib; path = PBAPlotViewController.xib; sourceTree = "<group>"; };
		C5FB83FB1C6AF4F700F298F7 /* PBAListTableViewCell.xib */ = {isa = PBXFileReference; fileEncoding = 4; lastKnownFileType = file.xib; path = PBAListTableViewCell.xib; sourceTree = "<group>"; };
		C5FB83FD1C6AF51100F298F7 /* PBAListTableViewCell.h */ = {isa = PBXFileReference; fileEncoding = 4; lastKnownFileType = sourcecode.c.h; path = PBAListTableViewCell.h; sourceTree = "<group>"; };
		C5FB83FE1C6AF51100F298F7 /* PBAListTableViewCell.m */ = {isa = PBXFileReference; fileEncoding = 4; lastKnownFileType = sourcecode.c.objc; path = PBAListTableViewCell.m; sourceTree = "<group>"; };
		C5FDB7351C5A098E00B2922A /* CacheTime+CoreDataProperties.h */ = {isa = PBXFileReference; fileEncoding = 4; lastKnownFileType = sourcecode.c.h; path = "CacheTime+CoreDataProperties.h"; sourceTree = "<group>"; };
		C5FDB7361C5A098E00B2922A /* CacheTime+CoreDataProperties.m */ = {isa = PBXFileReference; fileEncoding = 4; lastKnownFileType = sourcecode.c.objc; path = "CacheTime+CoreDataProperties.m"; sourceTree = "<group>"; };
		C5FDB7371C5A098E00B2922A /* CacheTime.h */ = {isa = PBXFileReference; fileEncoding = 4; lastKnownFileType = sourcecode.c.h; path = CacheTime.h; sourceTree = "<group>"; };
		C5FDB7381C5A098E00B2922A /* CacheTime.m */ = {isa = PBXFileReference; fileEncoding = 4; lastKnownFileType = sourcecode.c.objc; path = CacheTime.m; sourceTree = "<group>"; };
		C5FDB73B1C5A170800B2922A /* NSDate+Utilities.h */ = {isa = PBXFileReference; fileEncoding = 4; lastKnownFileType = sourcecode.c.h; path = "NSDate+Utilities.h"; sourceTree = "<group>"; };
		C5FDB73C1C5A170800B2922A /* NSDate+Utilities.m */ = {isa = PBXFileReference; fileEncoding = 4; lastKnownFileType = sourcecode.c.objc; path = "NSDate+Utilities.m"; sourceTree = "<group>"; };
		C5FDB73E1C5B1EBA00B2922A /* PBADataSource.h */ = {isa = PBXFileReference; fileEncoding = 4; lastKnownFileType = sourcecode.c.h; path = PBADataSource.h; sourceTree = "<group>"; };
		C5FDB73F1C5B1EBA00B2922A /* PBADataSource.m */ = {isa = PBXFileReference; fileEncoding = 4; lastKnownFileType = sourcecode.c.objc; path = PBADataSource.m; sourceTree = "<group>"; };
		C5FDB7411C5C60B800B2922A /* PBAPersistenceController.h */ = {isa = PBXFileReference; fileEncoding = 4; lastKnownFileType = sourcecode.c.h; path = PBAPersistenceController.h; sourceTree = "<group>"; };
		C5FDB7421C5C60B800B2922A /* PBAPersistenceController.m */ = {isa = PBXFileReference; fileEncoding = 4; lastKnownFileType = sourcecode.c.objc; path = PBAPersistenceController.m; sourceTree = "<group>"; };
		C5FDB7451C5C6C0300B2922A /* CoreDataStore.xcdatamodel */ = {isa = PBXFileReference; lastKnownFileType = wrapper.xcdatamodel; path = CoreDataStore.xcdatamodel; sourceTree = "<group>"; };
/* End PBXFileReference section */

/* Begin PBXFrameworksBuildPhase section */
		C57ADE1318A27A5B00D4DCF6 /* Frameworks */ = {
			isa = PBXFrameworksBuildPhase;
			buildActionMask = 2147483647;
			files = (
				C57ADE1E18A27A5B00D4DCF6 /* UIKit.framework in Frameworks */,
				C57ADE1A18A27A5B00D4DCF6 /* Foundation.framework in Frameworks */,
			);
			runOnlyForDeploymentPostprocessing = 0;
		};
		C57ADE2E18A27A5B00D4DCF6 /* Frameworks */ = {
			isa = PBXFrameworksBuildPhase;
			buildActionMask = 2147483647;
			files = (
				C57ADE3318A27A5B00D4DCF6 /* XCTest.framework in Frameworks */,
				C57ADE3518A27A5B00D4DCF6 /* UIKit.framework in Frameworks */,
				C57ADE3418A27A5B00D4DCF6 /* Foundation.framework in Frameworks */,
			);
			runOnlyForDeploymentPostprocessing = 0;
		};
/* End PBXFrameworksBuildPhase section */

/* Begin PBXGroup section */
		C52F53891C6C36E000830DF9 /* Strings */ = {
			isa = PBXGroup;
			children = (
				C52F538A1C6C371200830DF9 /* Localizable.strings */,
			);
			name = Strings;
			sourceTree = "<group>";
		};
		C57ADE0D18A27A5B00D4DCF6 = {
			isa = PBXGroup;
			children = (
				C59CB9981C560321005C9195 /* Default-568h@2x.png */,
				C57ADE1F18A27A5B00D4DCF6 /* Earthquakes */,
				C57ADE3818A27A5B00D4DCF6 /* EarthquakesTests */,
				C57ADE1818A27A5B00D4DCF6 /* Frameworks */,
				C57ADE1718A27A5B00D4DCF6 /* Products */,
			);
			sourceTree = "<group>";
		};
		C57ADE1718A27A5B00D4DCF6 /* Products */ = {
			isa = PBXGroup;
			children = (
				C57ADE1618A27A5B00D4DCF6 /* Earthquakes.app */,
				C57ADE3118A27A5B00D4DCF6 /* EarthquakesTests.xctest */,
			);
			name = Products;
			sourceTree = "<group>";
		};
		C57ADE1818A27A5B00D4DCF6 /* Frameworks */ = {
			isa = PBXGroup;
			children = (
				C57ADE4F18A27CE700D4DCF6 /* CoreLocation.framework */,
				C57ADE4D18A27AD100D4DCF6 /* MapKit.framework */,
				C57ADE1918A27A5B00D4DCF6 /* Foundation.framework */,
				C57ADE1B18A27A5B00D4DCF6 /* CoreGraphics.framework */,
				C57ADE1D18A27A5B00D4DCF6 /* UIKit.framework */,
				C57ADE3218A27A5B00D4DCF6 /* XCTest.framework */,
			);
			name = Frameworks;
			sourceTree = "<group>";
		};
		C57ADE1F18A27A5B00D4DCF6 /* Earthquakes */ = {
			isa = PBXGroup;
			children = (
				C52F53891C6C36E000830DF9 /* Strings */,
				C59CB9B21C5870F4005C9195 /* Categories */,
				C57ADE5418A280E300D4DCF6 /* Vendor */,
				C57ADE6318A30BB400D4DCF6 /* Views */,
				C57ADE6118A30B8400D4DCF6 /* Models */,
				C57ADE6218A30B9200D4DCF6 /* Controllers */,
				C57ADE2B18A27A5B00D4DCF6 /* Images.xcassets */,
				C57ADE2018A27A5B00D4DCF6 /* Supporting Files */,
			);
			path = Earthquakes;
			sourceTree = "<group>";
		};
		C57ADE2018A27A5B00D4DCF6 /* Supporting Files */ = {
			isa = PBXGroup;
			children = (
				C57ADE2118A27A5B00D4DCF6 /* Earthquakes-Info.plist */,
				C57ADE2218A27A5B00D4DCF6 /* InfoPlist.strings */,
				C57ADE2518A27A5B00D4DCF6 /* main.m */,
				C57ADE2718A27A5B00D4DCF6 /* Earthquakes-Prefix.pch */,
			);
			name = "Supporting Files";
			sourceTree = "<group>";
		};
		C57ADE3818A27A5B00D4DCF6 /* EarthquakesTests */ = {
			isa = PBXGroup;
			children = (
				C57ADE3918A27A5B00D4DCF6 /* Supporting Files */,
				C51E6FE01C5F2B7F00876CFA /* PBAPersistenceControllerTests.m */,
			);
			path = EarthquakesTests;
			sourceTree = "<group>";
		};
		C57ADE3918A27A5B00D4DCF6 /* Supporting Files */ = {
			isa = PBXGroup;
			children = (
				C57ADE3A18A27A5B00D4DCF6 /* EarthquakesTests-Info.plist */,
				C57ADE3B18A27A5B00D4DCF6 /* InfoPlist.strings */,
			);
			name = "Supporting Files";
			sourceTree = "<group>";
		};
		C57ADE5418A280E300D4DCF6 /* Vendor */ = {
			isa = PBXGroup;
			children = (
				C57ADE5518A280ED00D4DCF6 /* MBProgressHUD */,
			);
			name = Vendor;
			sourceTree = "<group>";
		};
		C57ADE5518A280ED00D4DCF6 /* MBProgressHUD */ = {
			isa = PBXGroup;
			children = (
				C57ADE5618A2810900D4DCF6 /* MBProgressHUD.h */,
				C57ADE5718A2810900D4DCF6 /* MBProgressHUD.m */,
			);
			name = MBProgressHUD;
			sourceTree = "<group>";
		};
		C57ADE6118A30B8400D4DCF6 /* Models */ = {
			isa = PBXGroup;
			children = (
				C5FDB7441C5C6C0300B2922A /* DataModel.xcdatamodeld */,
				C57ADE5118A27DA900D4DCF6 /* PBALocation.h */,
				C57ADE5218A27DA900D4DCF6 /* PBALocation.m */,
				C59CB9BC1C5893C8005C9195 /* Quake+CoreDataProperties.h */,
				C59CB9BD1C5893C8005C9195 /* Quake+CoreDataProperties.m */,
				C59CB9BE1C5893C8005C9195 /* Quake.h */,
				C59CB9BF1C5893C8005C9195 /* Quake.m */,
				C5FDB7351C5A098E00B2922A /* CacheTime+CoreDataProperties.h */,
				C5FDB7361C5A098E00B2922A /* CacheTime+CoreDataProperties.m */,
				C5FDB7371C5A098E00B2922A /* CacheTime.h */,
				C5FDB7381C5A098E00B2922A /* CacheTime.m */,
			);
			name = Models;
			sourceTree = "<group>";
		};
		C57ADE6218A30B9200D4DCF6 /* Controllers */ = {
			isa = PBXGroup;
			children = (
				C57ADE2818A27A5B00D4DCF6 /* PBAAppDelegate.h */,
				C57ADE2918A27A5B00D4DCF6 /* PBAAppDelegate.m */,
				C57ADE4818A27A6900D4DCF6 /* PBAMapViewController.h */,
				C57ADE4918A27A6900D4DCF6 /* PBAMapViewController.m */,
				C5FDB73E1C5B1EBA00B2922A /* PBADataSource.h */,
				C5FDB73F1C5B1EBA00B2922A /* PBADataSource.m */,
				C59167251C5DD2150082350B /* PBAListViewController.h */,
				C59167261C5DD2150082350B /* PBAListViewController.m */,
				C59CB9C51C58B561005C9195 /* PBAWebService.h */,
				C59CB9C61C58B561005C9195 /* PBAWebService.m */,
				C5FDB7411C5C60B800B2922A /* PBAPersistenceController.h */,
				C5FDB7421C5C60B800B2922A /* PBAPersistenceController.m */,
			);
			name = Controllers;
			sourceTree = "<group>";
		};
		C57ADE6318A30BB400D4DCF6 /* Views */ = {
			isa = PBXGroup;
			children = (
				C59167271C5DD2150082350B /* PBAListViewController.xib */,
				C57ADE4A18A27A6900D4DCF6 /* PBAMapViewController.xib */,
				C5B8771918A83EE6001CBC8E /* PBAPlotViewController.xib */,
				C59167231C5DA92D0082350B /* Launch Screen.storyboard */,
				C5FB83FB1C6AF4F700F298F7 /* PBAListTableViewCell.xib */,
				C5FB83FD1C6AF51100F298F7 /* PBAListTableViewCell.h */,
				C5FB83FE1C6AF51100F298F7 /* PBAListTableViewCell.m */,
			);
			name = Views;
			sourceTree = "<group>";
		};
		C59CB9B21C5870F4005C9195 /* Categories */ = {
			isa = PBXGroup;
			children = (
				C59CB9B31C587110005C9195 /* UIButton+PBAButton.h */,
				C59CB9B41C587110005C9195 /* UIButton+PBAButton.m */,
				C56E85E41C9A274B00A7203E /* UIColor+PBAColor.h */,
				C56E85E51C9A274B00A7203E /* UIColor+PBAColor.m */,
				C5FDB73B1C5A170800B2922A /* NSDate+Utilities.h */,
				C5FDB73C1C5A170800B2922A /* NSDate+Utilities.m */,
				C51E6FE21C60850D00876CFA /* NSManagedObject+Helpers.h */,
				C51E6FE31C60850D00876CFA /* NSManagedObject+Helpers.m */,
				C529A7D61C6312D200728710 /* NSString+Utilities.h */,
				C529A7D71C6312D200728710 /* NSString+Utilities.m */,
			);
			name = Categories;
			sourceTree = "<group>";
		};
/* End PBXGroup section */

/* Begin PBXNativeTarget section */
		C57ADE1518A27A5B00D4DCF6 /* Earthquakes */ = {
			isa = PBXNativeTarget;
			buildConfigurationList = C57ADE4218A27A5B00D4DCF6 /* Build configuration list for PBXNativeTarget "Earthquakes" */;
			buildPhases = (
				C57ADE1218A27A5B00D4DCF6 /* Sources */,
				C57ADE1318A27A5B00D4DCF6 /* Frameworks */,
				C57ADE1418A27A5B00D4DCF6 /* Resources */,
			);
			buildRules = (
			);
			dependencies = (
			);
			name = Earthquakes;
			productName = Earthquakes;
			productReference = C57ADE1618A27A5B00D4DCF6 /* Earthquakes.app */;
			productType = "com.apple.product-type.application";
		};
		C57ADE3018A27A5B00D4DCF6 /* EarthquakesTests */ = {
			isa = PBXNativeTarget;
			buildConfigurationList = C57ADE4518A27A5B00D4DCF6 /* Build configuration list for PBXNativeTarget "EarthquakesTests" */;
			buildPhases = (
				C57ADE2D18A27A5B00D4DCF6 /* Sources */,
				C57ADE2E18A27A5B00D4DCF6 /* Frameworks */,
				C57ADE2F18A27A5B00D4DCF6 /* Resources */,
			);
			buildRules = (
			);
			dependencies = (
				C57ADE3718A27A5B00D4DCF6 /* PBXTargetDependency */,
			);
			name = EarthquakesTests;
			productName = EarthquakesTests;
			productReference = C57ADE3118A27A5B00D4DCF6 /* EarthquakesTests.xctest */;
			productType = "com.apple.product-type.bundle.unit-test";
		};
/* End PBXNativeTarget section */

/* Begin PBXProject section */
		C57ADE0E18A27A5B00D4DCF6 /* Project object */ = {
			isa = PBXProject;
			attributes = {
				CLASSPREFIX = PBA;
				LastUpgradeCheck = 0510;
				ORGANIZATIONNAME = "Pouria Almassi";
				TargetAttributes = {
					C57ADE3018A27A5B00D4DCF6 = {
						TestTargetID = C57ADE1518A27A5B00D4DCF6;
					};
				};
			};
			buildConfigurationList = C57ADE1118A27A5B00D4DCF6 /* Build configuration list for PBXProject "Earthquakes" */;
			compatibilityVersion = "Xcode 3.2";
			developmentRegion = English;
			hasScannedForEncodings = 0;
			knownRegions = (
				en,
				ja,
				es,
				"zh-Hans",
				"zh-Hant",
				"pt-BR",
				ar,
				fr,
				de,
				nl,
				ko,
				it,
				el,
				he,
				da,
				nb,
				sv,
				fi,
				ru,
				ms,
				"ta-SG",
				hi,
				fa,
				"fa-IR",
				"es-MX",
				vi,
				tr,
				pl,
				ca,
			);
			mainGroup = C57ADE0D18A27A5B00D4DCF6;
			productRefGroup = C57ADE1718A27A5B00D4DCF6 /* Products */;
			projectDirPath = "";
			projectRoot = "";
			targets = (
				C57ADE1518A27A5B00D4DCF6 /* Earthquakes */,
				C57ADE3018A27A5B00D4DCF6 /* EarthquakesTests */,
			);
		};
/* End PBXProject section */

/* Begin PBXResourcesBuildPhase section */
		C57ADE1418A27A5B00D4DCF6 /* Resources */ = {
			isa = PBXResourcesBuildPhase;
			buildActionMask = 2147483647;
			files = (
				C59167241C5DA92D0082350B /* Launch Screen.storyboard in Resources */,
				C57ADE2418A27A5B00D4DCF6 /* InfoPlist.strings in Resources */,
				C59167291C5DD2150082350B /* PBAListViewController.xib in Resources */,
				C5FB83FC1C6AF4F700F298F7 /* PBAListTableViewCell.xib in Resources */,
				C52F538C1C6C371200830DF9 /* Localizable.strings in Resources */,
				C57ADE4C18A27A6900D4DCF6 /* PBAMapViewController.xib in Resources */,
				C57ADE2C18A27A5B00D4DCF6 /* Images.xcassets in Resources */,
				C59CB9991C560321005C9195 /* Default-568h@2x.png in Resources */,
				C5B8771B18A83EE6001CBC8E /* PBAPlotViewController.xib in Resources */,
			);
			runOnlyForDeploymentPostprocessing = 0;
		};
		C57ADE2F18A27A5B00D4DCF6 /* Resources */ = {
			isa = PBXResourcesBuildPhase;
			buildActionMask = 2147483647;
			files = (
				C57ADE3D18A27A5B00D4DCF6 /* InfoPlist.strings in Resources */,
			);
			runOnlyForDeploymentPostprocessing = 0;
		};
/* End PBXResourcesBuildPhase section */

/* Begin PBXSourcesBuildPhase section */
		C57ADE1218A27A5B00D4DCF6 /* Sources */ = {
			isa = PBXSourcesBuildPhase;
			buildActionMask = 2147483647;
			files = (
				C59167281C5DD2150082350B /* PBAListViewController.m in Sources */,
				C57ADE2A18A27A5B00D4DCF6 /* PBAAppDelegate.m in Sources */,
				C529A7D81C6312D200728710 /* NSString+Utilities.m in Sources */,
				C57ADE2618A27A5B00D4DCF6 /* main.m in Sources */,
				C59CB9C01C5893C8005C9195 /* Quake+CoreDataProperties.m in Sources */,
				C5FDB7461C5C6C0300B2922A /* DataModel.xcdatamodeld in Sources */,
				C5FDB73D1C5A170800B2922A /* NSDate+Utilities.m in Sources */,
				C51E6FE41C60850D00876CFA /* NSManagedObject+Helpers.m in Sources */,
				C59CB9B51C587110005C9195 /* UIButton+PBAButton.m in Sources */,
				C57ADE5818A2810900D4DCF6 /* MBProgressHUD.m in Sources */,
				C5FDB7391C5A098E00B2922A /* CacheTime+CoreDataProperties.m in Sources */,
				C5FDB7401C5B1EBA00B2922A /* PBADataSource.m in Sources */,
				C57ADE5318A27DA900D4DCF6 /* PBALocation.m in Sources */,
				C59CB9C71C58B561005C9195 /* PBAWebService.m in Sources */,
				C5FDB7431C5C60B800B2922A /* PBAPersistenceController.m in Sources */,
				C56E85E61C9A274B00A7203E /* UIColor+PBAColor.m in Sources */,
				C57ADE4B18A27A6900D4DCF6 /* PBAMapViewController.m in Sources */,
				C59CB9C11C5893C8005C9195 /* Quake.m in Sources */,
				C5FDB73A1C5A098E00B2922A /* CacheTime.m in Sources */,
				C5FB83FF1C6AF51100F298F7 /* PBAListTableViewCell.m in Sources */,
			);
			runOnlyForDeploymentPostprocessing = 0;
		};
		C57ADE2D18A27A5B00D4DCF6 /* Sources */ = {
			isa = PBXSourcesBuildPhase;
			buildActionMask = 2147483647;
			files = (
				C51E6FE11C5F2B7F00876CFA /* PBAPersistenceControllerTests.m in Sources */,
			);
			runOnlyForDeploymentPostprocessing = 0;
		};
/* End PBXSourcesBuildPhase section */

/* Begin PBXTargetDependency section */
		C57ADE3718A27A5B00D4DCF6 /* PBXTargetDependency */ = {
			isa = PBXTargetDependency;
			target = C57ADE1518A27A5B00D4DCF6 /* Earthquakes */;
			targetProxy = C57ADE3618A27A5B00D4DCF6 /* PBXContainerItemProxy */;
		};
/* End PBXTargetDependency section */

/* Begin PBXVariantGroup section */
		C52F538A1C6C371200830DF9 /* Localizable.strings */ = {
			isa = PBXVariantGroup;
			children = (
				C52F538B1C6C371200830DF9 /* en */,
				C52F538D1C6C376400830DF9 /* ja */,
				C52F538E1C6C37C500830DF9 /* es */,
				C52F538F1C6C382E00830DF9 /* zh-Hans */,
				C52F53901C6C384800830DF9 /* zh-Hant */,
				C52F53911C6C388200830DF9 /* pt-BR */,
				C52F53921C6C38A000830DF9 /* ar */,
				C52F53931C6C38BB00830DF9 /* fr */,
				C52F53941C6C38E500830DF9 /* de */,
				C52F53951C6C391C00830DF9 /* nl */,
				C52F53961C6C394100830DF9 /* ko */,
				C52F53971C6C397600830DF9 /* it */,
				C52F53981C6C39D300830DF9 /* el */,
				C52F53991C6C3A3F00830DF9 /* he */,
				C52F539A1C6C3A6C00830DF9 /* da */,
				C52F539B1C6C3A8F00830DF9 /* nb */,
				C52F539C1C6C3A9800830DF9 /* sv */,
				C52F539D1C6C3AA000830DF9 /* fi */,
				C52F539E1C6C3AAB00830DF9 /* ru */,
				C52F539F1C6C3BBD00830DF9 /* ms */,
				C52F53A01C6C3BF800830DF9 /* ta-SG */,
				C52F53A11C6C3C3600830DF9 /* hi */,
				C52F53A21C6C3C5600830DF9 /* fa */,
				C52F53A31C6C3C9300830DF9 /* fa-IR */,
				C52F53A41C6C3CB600830DF9 /* es-MX */,
				C52F53A51C6C3D0C00830DF9 /* vi */,
				C52F53A61C6C3D3100830DF9 /* tr */,
				C52F53A71C6C3D3900830DF9 /* pl */,
				C52F53A81C6C3D4400830DF9 /* ca */,
			);
			name = Localizable.strings;
			sourceTree = "<group>";
		};
		C57ADE2218A27A5B00D4DCF6 /* InfoPlist.strings */ = {
			isa = PBXVariantGroup;
			children = (
				C57ADE2318A27A5B00D4DCF6 /* en */,
			);
			name = InfoPlist.strings;
			sourceTree = "<group>";
		};
		C57ADE3B18A27A5B00D4DCF6 /* InfoPlist.strings */ = {
			isa = PBXVariantGroup;
			children = (
				C57ADE3C18A27A5B00D4DCF6 /* en */,
			);
			name = InfoPlist.strings;
			sourceTree = "<group>";
		};
/* End PBXVariantGroup section */

/* Begin XCBuildConfiguration section */
		C57ADE4018A27A5B00D4DCF6 /* Debug */ = {
			isa = XCBuildConfiguration;
			buildSettings = {
				ALWAYS_SEARCH_USER_PATHS = NO;
				CLANG_CXX_LANGUAGE_STANDARD = "gnu++0x";
				CLANG_CXX_LIBRARY = "libc++";
				CLANG_ENABLE_MODULES = YES;
				CLANG_ENABLE_OBJC_ARC = YES;
				CLANG_WARN_BOOL_CONVERSION = YES;
				CLANG_WARN_CONSTANT_CONVERSION = YES;
				CLANG_WARN_DIRECT_OBJC_ISA_USAGE = YES_ERROR;
				CLANG_WARN_EMPTY_BODY = YES;
				CLANG_WARN_ENUM_CONVERSION = YES;
				CLANG_WARN_INT_CONVERSION = YES;
				CLANG_WARN_OBJC_ROOT_CLASS = YES_ERROR;
				CLANG_WARN__DUPLICATE_METHOD_MATCH = YES;
				"CODE_SIGN_IDENTITY[sdk=iphoneos*]" = "iPhone Developer";
				COPY_PHASE_STRIP = NO;
				GCC_C_LANGUAGE_STANDARD = gnu99;
				GCC_DYNAMIC_NO_PIC = NO;
				GCC_OPTIMIZATION_LEVEL = 0;
				GCC_PREPROCESSOR_DEFINITIONS = (
					"DEBUG=1",
					"$(inherited)",
				);
				GCC_SYMBOLS_PRIVATE_EXTERN = NO;
				GCC_WARN_64_TO_32_BIT_CONVERSION = YES;
				GCC_WARN_ABOUT_RETURN_TYPE = YES_ERROR;
				GCC_WARN_UNDECLARED_SELECTOR = YES;
				GCC_WARN_UNINITIALIZED_AUTOS = YES;
				GCC_WARN_UNUSED_FUNCTION = YES;
				GCC_WARN_UNUSED_VARIABLE = YES;
				IPHONEOS_DEPLOYMENT_TARGET = 7.0;
				ONLY_ACTIVE_ARCH = YES;
				PROVISIONING_PROFILE = "17f6fe5d-94e3-486f-87ce-f9c3d29e5302";
				SDKROOT = iphoneos;
			};
			name = Debug;
		};
		C57ADE4118A27A5B00D4DCF6 /* Release */ = {
			isa = XCBuildConfiguration;
			buildSettings = {
				ALWAYS_SEARCH_USER_PATHS = NO;
				CLANG_CXX_LANGUAGE_STANDARD = "gnu++0x";
				CLANG_CXX_LIBRARY = "libc++";
				CLANG_ENABLE_MODULES = YES;
				CLANG_ENABLE_OBJC_ARC = YES;
				CLANG_WARN_BOOL_CONVERSION = YES;
				CLANG_WARN_CONSTANT_CONVERSION = YES;
				CLANG_WARN_DIRECT_OBJC_ISA_USAGE = YES_ERROR;
				CLANG_WARN_EMPTY_BODY = YES;
				CLANG_WARN_ENUM_CONVERSION = YES;
				CLANG_WARN_INT_CONVERSION = YES;
				CLANG_WARN_OBJC_ROOT_CLASS = YES_ERROR;
				CLANG_WARN__DUPLICATE_METHOD_MATCH = YES;
				"CODE_SIGN_IDENTITY[sdk=iphoneos*]" = "iPhone Developer";
				COPY_PHASE_STRIP = YES;
				ENABLE_NS_ASSERTIONS = NO;
				GCC_C_LANGUAGE_STANDARD = gnu99;
				GCC_WARN_64_TO_32_BIT_CONVERSION = YES;
				GCC_WARN_ABOUT_RETURN_TYPE = YES_ERROR;
				GCC_WARN_UNDECLARED_SELECTOR = YES;
				GCC_WARN_UNINITIALIZED_AUTOS = YES;
				GCC_WARN_UNUSED_FUNCTION = YES;
				GCC_WARN_UNUSED_VARIABLE = YES;
				IPHONEOS_DEPLOYMENT_TARGET = 7.0;
				PROVISIONING_PROFILE = "17f6fe5d-94e3-486f-87ce-f9c3d29e5302";
				SDKROOT = iphoneos;
				VALIDATE_PRODUCT = YES;
			};
			name = Release;
		};
		C57ADE4318A27A5B00D4DCF6 /* Debug */ = {
			isa = XCBuildConfiguration;
			buildSettings = {
				ASSETCATALOG_COMPILER_APPICON_NAME = AppIcon;
				ASSETCATALOG_COMPILER_LAUNCHIMAGE_NAME = "Brand Assets";
				CURRENT_PROJECT_VERSION = 14;
				GCC_PRECOMPILE_PREFIX_HEADER = YES;
				GCC_PREFIX_HEADER = "Earthquakes/Earthquakes-Prefix.pch";
				INFOPLIST_FILE = "Earthquakes/Earthquakes-Info.plist";
				IPHONEOS_DEPLOYMENT_TARGET = 7.0;
				PRODUCT_BUNDLE_IDENTIFIER = com.pouriaalmassi.Earthquakes;
				PRODUCT_NAME = "$(TARGET_NAME)";
				TARGETED_DEVICE_FAMILY = "1,2";
				VERSIONING_SYSTEM = "apple-generic";
				WRAPPER_EXTENSION = app;
			};
			name = Debug;
		};
		C57ADE4418A27A5B00D4DCF6 /* Release */ = {
			isa = XCBuildConfiguration;
			buildSettings = {
				ASSETCATALOG_COMPILER_APPICON_NAME = AppIcon;
				ASSETCATALOG_COMPILER_LAUNCHIMAGE_NAME = "Brand Assets";
				CURRENT_PROJECT_VERSION = 14;
				GCC_PRECOMPILE_PREFIX_HEADER = YES;
				GCC_PREFIX_HEADER = "Earthquakes/Earthquakes-Prefix.pch";
				INFOPLIST_FILE = "Earthquakes/Earthquakes-Info.plist";
				IPHONEOS_DEPLOYMENT_TARGET = 7.0;
				PRODUCT_BUNDLE_IDENTIFIER = com.pouriaalmassi.Earthquakes;
				PRODUCT_NAME = "$(TARGET_NAME)";
				TARGETED_DEVICE_FAMILY = "1,2";
				VERSIONING_SYSTEM = "apple-generic";
				WRAPPER_EXTENSION = app;
			};
			name = Release;
		};
		C57ADE4618A27A5B00D4DCF6 /* Debug */ = {
			isa = XCBuildConfiguration;
			buildSettings = {
				BUNDLE_LOADER = "$(BUILT_PRODUCTS_DIR)/Earthquakes.app/Earthquakes";
				FRAMEWORK_SEARCH_PATHS = (
					"$(SDKROOT)/Developer/Library/Frameworks",
					"$(inherited)",
					"$(DEVELOPER_FRAMEWORKS_DIR)",
				);
				GCC_PRECOMPILE_PREFIX_HEADER = YES;
				GCC_PREFIX_HEADER = "Earthquakes/Earthquakes-Prefix.pch";
				GCC_PREPROCESSOR_DEFINITIONS = (
					"DEBUG=1",
					"$(inherited)",
				);
				INFOPLIST_FILE = "EarthquakesTests/EarthquakesTests-Info.plist";
				PRODUCT_NAME = "$(TARGET_NAME)";
				TEST_HOST = "$(BUNDLE_LOADER)";
				WRAPPER_EXTENSION = xctest;
			};
			name = Debug;
		};
		C57ADE4718A27A5B00D4DCF6 /* Release */ = {
			isa = XCBuildConfiguration;
			buildSettings = {
				BUNDLE_LOADER = "$(BUILT_PRODUCTS_DIR)/Earthquakes.app/Earthquakes";
				FRAMEWORK_SEARCH_PATHS = (
					"$(SDKROOT)/Developer/Library/Frameworks",
					"$(inherited)",
					"$(DEVELOPER_FRAMEWORKS_DIR)",
				);
				GCC_PRECOMPILE_PREFIX_HEADER = YES;
				GCC_PREFIX_HEADER = "Earthquakes/Earthquakes-Prefix.pch";
				INFOPLIST_FILE = "EarthquakesTests/EarthquakesTests-Info.plist";
				PRODUCT_NAME = "$(TARGET_NAME)";
				TEST_HOST = "$(BUNDLE_LOADER)";
				WRAPPER_EXTENSION = xctest;
			};
			name = Release;
		};
/* End XCBuildConfiguration section */

/* Begin XCConfigurationList section */
		C57ADE1118A27A5B00D4DCF6 /* Build configuration list for PBXProject "Earthquakes" */ = {
			isa = XCConfigurationList;
			buildConfigurations = (
				C57ADE4018A27A5B00D4DCF6 /* Debug */,
				C57ADE4118A27A5B00D4DCF6 /* Release */,
			);
			defaultConfigurationIsVisible = 0;
			defaultConfigurationName = Release;
		};
		C57ADE4218A27A5B00D4DCF6 /* Build configuration list for PBXNativeTarget "Earthquakes" */ = {
			isa = XCConfigurationList;
			buildConfigurations = (
				C57ADE4318A27A5B00D4DCF6 /* Debug */,
				C57ADE4418A27A5B00D4DCF6 /* Release */,
			);
			defaultConfigurationIsVisible = 0;
			defaultConfigurationName = Release;
		};
		C57ADE4518A27A5B00D4DCF6 /* Build configuration list for PBXNativeTarget "EarthquakesTests" */ = {
			isa = XCConfigurationList;
			buildConfigurations = (
				C57ADE4618A27A5B00D4DCF6 /* Debug */,
				C57ADE4718A27A5B00D4DCF6 /* Release */,
			);
			defaultConfigurationIsVisible = 0;
			defaultConfigurationName = Release;
		};
/* End XCConfigurationList section */

/* Begin XCVersionGroup section */
		C5FDB7441C5C6C0300B2922A /* DataModel.xcdatamodeld */ = {
			isa = XCVersionGroup;
			children = (
				C5FDB7451C5C6C0300B2922A /* CoreDataStore.xcdatamodel */,
			);
			currentVersion = C5FDB7451C5C6C0300B2922A /* CoreDataStore.xcdatamodel */;
			path = DataModel.xcdatamodeld;
			sourceTree = "<group>";
			versionGroupType = wrapper.xcdatamodel;
		};
/* End XCVersionGroup section */
	};
	rootObject = C57ADE0E18A27A5B00D4DCF6 /* Project object */;
}
